
Microsoft Visual Studio Solution File, Format Version 12.00
# Visual Studio Version 17
VisualStudioVersion = 17.5.2.0
MinimumVisualStudioVersion = 10.0.40219.1
Project("{FAE04EC0-301F-11D3-BF4B-00C04F79EFBC}") = "SistemaDeEventos", "SistemaDeEventos.csproj", "{0C5BB154-AF62-30B2-23E9-09B8E35953B9}"
EndProject
Project("{FAE04EC0-301F-11D3-BF4B-00C04F79EFBC}") = "SistemaDeEventos.Tests", "SistemaDeEventos.Tests\SistemaDeEventos.Tests.csproj", "{F7D9434C-9945-4384-A08F-A27956B6998E}"
EndProject
Global
	GlobalSection(SolutionConfigurationPlatforms) = preSolution
		Debug|Any CPU = Debug|Any CPU
		Debug|x64 = Debug|x64
		Debug|x86 = Debug|x86
		Release|Any CPU = Release|Any CPU
		Release|x64 = Release|x64
		Release|x86 = Release|x86
	EndGlobalSection
	GlobalSection(ProjectConfigurationPlatforms) = postSolution
		{0C5BB154-AF62-30B2-23E9-09B8E35953B9}.Debug|Any CPU.ActiveCfg = Debug|Any CPU
		{0C5BB154-AF62-30B2-23E9-09B8E35953B9}.Debug|Any CPU.Build.0 = Debug|Any CPU
		{0C5BB154-AF62-30B2-23E9-09B8E35953B9}.Debug|x64.ActiveCfg = Debug|Any CPU
		{0C5BB154-AF62-30B2-23E9-09B8E35953B9}.Debug|x64.Build.0 = Debug|Any CPU
		{0C5BB154-AF62-30B2-23E9-09B8E35953B9}.Debug|x86.ActiveCfg = Debug|Any CPU
		{0C5BB154-AF62-30B2-23E9-09B8E35953B9}.Debug|x86.Build.0 = Debug|Any CPU
		{0C5BB154-AF62-30B2-23E9-09B8E35953B9}.Release|Any CPU.ActiveCfg = Release|Any CPU
		{0C5BB154-AF62-30B2-23E9-09B8E35953B9}.Release|Any CPU.Build.0 = Release|Any CPU
		{0C5BB154-AF62-30B2-23E9-09B8E35953B9}.Release|x64.ActiveCfg = Release|Any CPU
		{0C5BB154-AF62-30B2-23E9-09B8E35953B9}.Release|x64.Build.0 = Release|Any CPU
		{0C5BB154-AF62-30B2-23E9-09B8E35953B9}.Release|x86.ActiveCfg = Release|Any CPU
		{0C5BB154-AF62-30B2-23E9-09B8E35953B9}.Release|x86.Build.0 = Release|Any CPU
		{F7D9434C-9945-4384-A08F-A27956B6998E}.Debug|Any CPU.ActiveCfg = Debug|Any CPU
		{F7D9434C-9945-4384-A08F-A27956B6998E}.Debug|Any CPU.Build.0 = Debug|Any CPU
		{F7D9434C-9945-4384-A08F-A27956B6998E}.Debug|x64.ActiveCfg = Debug|Any CPU
		{F7D9434C-9945-4384-A08F-A27956B6998E}.Debug|x64.Build.0 = Debug|Any CPU
		{F7D9434C-9945-4384-A08F-A27956B6998E}.Debug|x86.ActiveCfg = Debug|Any CPU
		{F7D9434C-9945-4384-A08F-A27956B6998E}.Debug|x86.Build.0 = Debug|Any CPU
		{F7D9434C-9945-4384-A08F-A27956B6998E}.Release|Any CPU.ActiveCfg = Release|Any CPU
		{F7D9434C-9945-4384-A08F-A27956B6998E}.Release|Any CPU.Build.0 = Release|Any CPU
		{F7D9434C-9945-4384-A08F-A27956B6998E}.Release|x64.ActiveCfg = Release|Any CPU
		{F7D9434C-9945-4384-A08F-A27956B6998E}.Release|x64.Build.0 = Release|Any CPU
		{F7D9434C-9945-4384-A08F-A27956B6998E}.Release|x86.ActiveCfg = Release|Any CPU
		{F7D9434C-9945-4384-A08F-A27956B6998E}.Release|x86.Build.0 = Release|Any CPU
	EndGlobalSection
	GlobalSection(SolutionProperties) = preSolution
		HideSolutionNode = FALSE
	EndGlobalSection
	GlobalSection(ExtensibilityGlobals) = postSolution
		SolutionGuid = {8435B6C9-DD56-4F92-8D1F-FBB09AE3A55A}
	EndGlobalSection
EndGlobal
